
Microsoft Visual Studio Solution File, Format Version 11.00
# Visual Studio 2010
Project("{FAE04EC0-301F-11D3-BF4B-00C04F79EFBC}") = "Aviadispetcher", "Aviadispetcher\Aviadispetcher.csproj", "{810A0C87-6661-4C42-A839-698E24425E4A}"
EndProject
Global
	GlobalSection(SolutionConfigurationPlatforms) = preSolution
		Debug|x86 = Debug|x86
		Release|x86 = Release|x86
	EndGlobalSection
	GlobalSection(ProjectConfigurationPlatforms) = postSolution
		{810A0C87-6661-4C42-A839-698E24425E4A}.Debug|x86.ActiveCfg = Debug|x86
		{810A0C87-6661-4C42-A839-698E24425E4A}.Debug|x86.Build.0 = Debug|x86
		{810A0C87-6661-4C42-A839-698E24425E4A}.Release|x86.ActiveCfg = Release|x86
		{810A0C87-6661-4C42-A839-698E24425E4A}.Release|x86.Build.0 = Release|x86
	EndGlobalSection
	GlobalSection(SolutionProperties) = preSolution
		HideSolutionNode = FALSE
	EndGlobalSection
EndGlobal
